Microsoft Visual Studio Solution File, Format Version 12.00
# Visual Studio Version 17
VisualStudioVersion = 17.5.2.0
MinimumVisualStudioVersion = 10.0.40219.1
Project("{FAE04EC0-301F-11D3-BF4B-00C04F79EFBC}") = "CodeHealthHub", "CodeHealthHub.csproj", "{B351CF1F-B8FA-7524-5E37-470FF9FB6658}"
EndProject
Global
	GlobalSection(SolutionConfigurationPlatforms) = preSolution
		Debug|Any CPU = Debug|Any CPU
		Release|Any CPU = Release|Any CPU
	EndGlobalSection
	GlobalSection(ProjectConfigurationPlatforms) = postSolution
		{B351CF1F-B8FA-7524-5E37-470FF9FB6658}.Debug|Any CPU.ActiveCfg = Debug|Any CPU
		{B351CF1F-B8FA-7524-5E37-470FF9FB6658}.Debug|Any CPU.Build.0 = Debug|Any CPU
		{B351CF1F-B8FA-7524-5E37-470FF9FB6658}.Release|Any CPU.ActiveCfg = Release|Any CPU
		{B351CF1F-B8FA-7524-5E37-470FF9FB6658}.Release|Any CPU.Build.0 = Release|Any CPU
	EndGlobalSection
	GlobalSection(SolutionProperties) = preSolution
		HideSolutionNode = FALSE
	EndGlobalSection
	GlobalSection(ExtensibilityGlobals) = postSolution
		SolutionGuid = {48A347B9-8398-4DC6-ACB0-9C6211E081E3}
	EndGlobalSection
EndGlobal
